<?xml version="1.0" encoding="utf-8"?>
<Project ToolsVersion="4.0" xmlns="http://schemas.microsoft.com/developer/msbuild/2003">
  <ItemGroup>
    <Filter Include="Source Files">
      <UniqueIdentifier>{4FC737F1-C7A5-4376-A066-2A32D752A2FF}</UniqueIdentifier>
      <Extensions>cpp;c;cc;cxx;def;odl;idl;hpj;bat;asm;asmx</Extensions>
    </Filter>
    <Filter Include="Header Files">
      <UniqueIdentifier>{93995380-89BD-4b04-88EB-625FBE52EBFB}</UniqueIdentifier>
      <Extensions>h;hh;hpp;hxx;hm;inl;inc;ipp;xsd</Extensions>
    </Filter>
    <Filter Include="Header Files\Common">
      <UniqueIdentifier>{280556a9-7ceb-43aa-870a-014b9d27d535}</UniqueIdentifier>
    </Filter>
    <Filter Include="Source Files\Common">
      <UniqueIdentifier>{c180885f-6f50-41c8-ade4-2903f3b16ea1}</UniqueIdentifier>
    </Filter>
  </ItemGroup>
  <ItemGroup>
    <ClInclude Include="..\Include\basedefs.h">
      <Filter>Header Files\Common</Filter>
    </ClInclude>
    <ClInclude Include="..\Include\binary_streams.h">
      <Filter>Header Files\Common</Filter>
    </ClInclude>
    <ClInclude Include="..\Include\xml_parser.h">
      <Filter>Header Files\Common</Filter>
    </ClInclude>
    <ClInclude Include="..\Include\text_streams.h">
      <Filter>Header Files\Common</Filter>
    </ClInclude>
    <ClInclude Include="arch_ac_domain_xml2bin.h">
      <Filter>Header Files</Filter>
    </ClInclude>
    <ClInclude Include="domain_converter.h">
      <Filter>Header Files</Filter>
    </ClInclude>
    <ClInclude Include="hgt_optimizer.h">
      <Filter>Header Files</Filter>
    </ClInclude>
    <ClInclude Include="radio_hf_domain_xml2bin.h">
      <Filter>Header Files</Filter>
    </ClInclude>
    <ClInclude Include="xml2bin.h">
      <Filter>Header Files</Filter>
    </ClInclude>
    <ClInclude Include="..\Include\xml_exceptions.h">
      <Filter>Header Files\Common</Filter>
    </ClInclude>
    <ClInclude Include="..\Include\face.h">
      <Filter>Header Files\Common</Filter>
    </ClInclude>
    <ClInclude Include="..\Include\point.h">
      <Filter>Header Files\Common</Filter>
    </ClInclude>
  </ItemGroup>
  <ItemGroup>
    <ClCompile Include="domain_converter.cpp">
      <Filter>Source Files</Filter>
    </ClCompile>
    <ClCompile Include="radio_hf_domain_xml2bin.cpp">
      <Filter>Source Files</Filter>
    </ClCompile>
    <ClCompile Include="arch_ac_domain_xml2bin.cpp">
      <Filter>Source Files</Filter>
    </ClCompile>
    <ClCompile Include="..\src\binary_streams.cpp">
      <Filter>Source Files\Common</Filter>
    </ClCompile>
    <ClCompile Include="..\src\text_streams.cpp">
      <Filter>Source Files\Common</Filter>
    </ClCompile>
    <ClCompile Include="..\src\face.cpp">
      <Filter>Source Files\Common</Filter>
    </ClCompile>
    <ClCompile Include="hgt_optimizer.cpp">
      <Filter>Source Files</Filter>
    </ClCompile>
    <ClCompile Include="xml2bin.cpp">
      <Filter>Source Files</Filter>
    </ClCompile>
    <ClCompile Include="..\src\xml_parser.cpp">
      <Filter>Source Files\Common</Filter>
    </ClCompile>
    <ClCompile Include="..\src\xml_exceptions.cpp">
      <Filter>Source Files\Common</Filter>
    </ClCompile>
    <ClCompile Include="entrypoint.cpp">
      <Filter>Source Files</Filter>
    </ClCompile>
  </ItemGroup>
</Project>